
Microsoft Visual Studio Solution File, Format Version 12.00
# Visual Studio Version 17
VisualStudioVersion = 17.6.33815.320
MinimumVisualStudioVersion = 10.0.40219.1
Project("{FAE04EC0-301F-11D3-BF4B-00C04F79EFBC}") = "PapouchSensorTM", "PapouchSensorTM\PapouchSensorTM.csproj", "{537DAF2D-EFBC-467E-894F-62FA01DEF223}"
EndProject
Global
	GlobalSection(SolutionConfigurationPlatforms) = preSolution
		Debug|Any CPU = Debug|Any CPU
		Release|Any CPU = Release|Any CPU
	EndGlobalSection
	GlobalSection(ProjectConfigurationPlatforms) = postSolution
		{537DAF2D-EFBC-467E-894F-62FA01DEF223}.Debug|Any CPU.ActiveCfg = Debug|Any CPU
		{537DAF2D-EFBC-467E-894F-62FA01DEF223}.Debug|Any CPU.Build.0 = Debug|Any CPU
		{537DAF2D-EFBC-467E-894F-62FA01DEF223}.Release|Any CPU.ActiveCfg = Release|Any CPU
		{537DAF2D-EFBC-467E-894F-62FA01DEF223}.Release|Any CPU.Build.0 = Release|Any CPU
	EndGlobalSection
	GlobalSection(SolutionProperties) = preSolution
		HideSolutionNode = FALSE
	EndGlobalSection
	GlobalSection(ExtensibilityGlobals) = postSolution
		SolutionGuid = {A3A2FF48-EF30-4506-A580-BD358037C4CD}
	EndGlobalSection
EndGlobal
